
Microsoft Visual Studio Solution File, Format Version 12.00
# Visual Studio 15
VisualStudioVersion = 15.0.26124.0
MinimumVisualStudioVersion = 15.0.26124.0
Project("{FAE04EC0-301F-11D3-BF4B-00C04F79EFBC}") = "BowlingGameScore.Tests", "BowlingGameScore.Tests\BowlingGameScore.Tests.csproj", "{1B119C04-F5CF-4C76-98E2-4C54FBF815E0}"
EndProject
Global
	GlobalSection(SolutionConfigurationPlatforms) = preSolution
		Debug|Any CPU = Debug|Any CPU
		Debug|x64 = Debug|x64
		Debug|x86 = Debug|x86
		Release|Any CPU = Release|Any CPU
		Release|x64 = Release|x64
		Release|x86 = Release|x86
	EndGlobalSection
	GlobalSection(SolutionProperties) = preSolution
		HideSolutionNode = FALSE
	EndGlobalSection
	GlobalSection(ProjectConfigurationPlatforms) = postSolution
		{67EF4A38-02BB-41C4-9DAB-A7B2BAF75CEB}.Debug|Any CPU.ActiveCfg = Debug|Any CPU
		{67EF4A38-02BB-41C4-9DAB-A7B2BAF75CEB}.Debug|Any CPU.Build.0 = Debug|Any CPU
		{67EF4A38-02BB-41C4-9DAB-A7B2BAF75CEB}.Debug|x64.ActiveCfg = Debug|Any CPU
		{67EF4A38-02BB-41C4-9DAB-A7B2BAF75CEB}.Debug|x64.Build.0 = Debug|Any CPU
		{67EF4A38-02BB-41C4-9DAB-A7B2BAF75CEB}.Debug|x86.ActiveCfg = Debug|Any CPU
		{67EF4A38-02BB-41C4-9DAB-A7B2BAF75CEB}.Debug|x86.Build.0 = Debug|Any CPU
		{67EF4A38-02BB-41C4-9DAB-A7B2BAF75CEB}.Release|Any CPU.ActiveCfg = Release|Any CPU
		{67EF4A38-02BB-41C4-9DAB-A7B2BAF75CEB}.Release|Any CPU.Build.0 = Release|Any CPU
		{67EF4A38-02BB-41C4-9DAB-A7B2BAF75CEB}.Release|x64.ActiveCfg = Release|Any CPU
		{67EF4A38-02BB-41C4-9DAB-A7B2BAF75CEB}.Release|x64.Build.0 = Release|Any CPU
		{67EF4A38-02BB-41C4-9DAB-A7B2BAF75CEB}.Release|x86.ActiveCfg = Release|Any CPU
		{67EF4A38-02BB-41C4-9DAB-A7B2BAF75CEB}.Release|x86.Build.0 = Release|Any CPU
		{319B829A-5B01-4A28-818E-7D464B68EEAC}.Debug|Any CPU.ActiveCfg = Debug|Any CPU
		{319B829A-5B01-4A28-818E-7D464B68EEAC}.Debug|Any CPU.Build.0 = Debug|Any CPU
		{319B829A-5B01-4A28-818E-7D464B68EEAC}.Debug|x64.ActiveCfg = Debug|Any CPU
		{319B829A-5B01-4A28-818E-7D464B68EEAC}.Debug|x64.Build.0 = Debug|Any CPU
		{319B829A-5B01-4A28-818E-7D464B68EEAC}.Debug|x86.ActiveCfg = Debug|Any CPU
		{319B829A-5B01-4A28-818E-7D464B68EEAC}.Debug|x86.Build.0 = Debug|Any CPU
		{319B829A-5B01-4A28-818E-7D464B68EEAC}.Release|Any CPU.ActiveCfg = Release|Any CPU
		{319B829A-5B01-4A28-818E-7D464B68EEAC}.Release|Any CPU.Build.0 = Release|Any CPU
		{319B829A-5B01-4A28-818E-7D464B68EEAC}.Release|x64.ActiveCfg = Release|Any CPU
		{319B829A-5B01-4A28-818E-7D464B68EEAC}.Release|x64.Build.0 = Release|Any CPU
		{319B829A-5B01-4A28-818E-7D464B68EEAC}.Release|x86.ActiveCfg = Release|Any CPU
		{319B829A-5B01-4A28-818E-7D464B68EEAC}.Release|x86.Build.0 = Release|Any CPU
	EndGlobalSection
EndGlobal
